
Microsoft Visual Studio Solution File, Format Version 12.00
# Visual Studio 15
Project("{FAE04EC0-301F-11D3-BF4B-00C04F79EFBC}") = "TaxApplication", "TaxApplication\TaxApplication.csproj", "{F6052D16-8B72-4D3A-B598-0BD1F244C4ED}"
EndProject
Global
	GlobalSection(SolutionConfigurationPlatforms) = preSolution
		Debug|Any CPU = Debug|Any CPU
		Release|Any CPU = Release|Any CPU
	EndGlobalSection
	GlobalSection(ProjectConfigurationPlatforms) = postSolution
		{F6052D16-8B72-4D3A-B598-0BD1F244C4ED}.Debug|Any CPU.ActiveCfg = Debug|Any CPU
		{F6052D16-8B72-4D3A-B598-0BD1F244C4ED}.Debug|Any CPU.Build.0 = Debug|Any CPU
		{F6052D16-8B72-4D3A-B598-0BD1F244C4ED}.Release|Any CPU.ActiveCfg = Release|Any CPU
		{F6052D16-8B72-4D3A-B598-0BD1F244C4ED}.Release|Any CPU.Build.0 = Release|Any CPU
	EndGlobalSection
EndGlobal
